
Microsoft Visual Studio Solution File, Format Version 12.00
# Visual Studio 2012
Project("{FAE04EC0-301F-11D3-BF4B-00C04F79EFBC}") = "DA", "DA\DA.csproj", "{9EF940DC-B01D-4F6F-9B23-C81C3F2D89E9}"
EndProject
Project("{FAE04EC0-301F-11D3-BF4B-00C04F79EFBC}") = "AdminPanel", "AdminPanel\AdminPanel.csproj", "{D495E889-EA4D-49FB-855C-0D082D8BFA21}"
EndProject
Project("{FAE04EC0-301F-11D3-BF4B-00C04F79EFBC}") = "FormWork", "FormWork\FormWork.csproj", "{34BF73E6-4B79-4E30-AE53-47D119E636EE}"
EndProject
Global
	GlobalSection(SolutionConfigurationPlatforms) = preSolution
		Debug|Any CPU = Debug|Any CPU
		Release|Any CPU = Release|Any CPU
	EndGlobalSection
	GlobalSection(ProjectConfigurationPlatforms) = postSolution
		{9EF940DC-B01D-4F6F-9B23-C81C3F2D89E9}.Debug|Any CPU.ActiveCfg = Debug|Any CPU
		{9EF940DC-B01D-4F6F-9B23-C81C3F2D89E9}.Debug|Any CPU.Build.0 = Debug|Any CPU
		{9EF940DC-B01D-4F6F-9B23-C81C3F2D89E9}.Release|Any CPU.ActiveCfg = Release|Any CPU
		{9EF940DC-B01D-4F6F-9B23-C81C3F2D89E9}.Release|Any CPU.Build.0 = Release|Any CPU
		{D495E889-EA4D-49FB-855C-0D082D8BFA21}.Debug|Any CPU.ActiveCfg = Debug|Any CPU
		{D495E889-EA4D-49FB-855C-0D082D8BFA21}.Debug|Any CPU.Build.0 = Debug|Any CPU
		{D495E889-EA4D-49FB-855C-0D082D8BFA21}.Release|Any CPU.ActiveCfg = Release|Any CPU
		{D495E889-EA4D-49FB-855C-0D082D8BFA21}.Release|Any CPU.Build.0 = Release|Any CPU
		{34BF73E6-4B79-4E30-AE53-47D119E636EE}.Debug|Any CPU.ActiveCfg = Debug|Any CPU
		{34BF73E6-4B79-4E30-AE53-47D119E636EE}.Debug|Any CPU.Build.0 = Debug|Any CPU
		{34BF73E6-4B79-4E30-AE53-47D119E636EE}.Release|Any CPU.ActiveCfg = Release|Any CPU
		{34BF73E6-4B79-4E30-AE53-47D119E636EE}.Release|Any CPU.Build.0 = Release|Any CPU
	EndGlobalSection
	GlobalSection(SolutionProperties) = preSolution
		HideSolutionNode = FALSE
	EndGlobalSection
EndGlobal
