
Microsoft Visual Studio Solution File, Format Version 12.00
# Visual Studio 2012
Project("{FAE04EC0-301F-11D3-BF4B-00C04F79EFBC}") = "AdminPanel", "AdminPanel\AdminPanel.csproj", "{2019B7E6-D9E0-4307-A5FB-F210842EE7D9}"
EndProject
Project("{FAE04EC0-301F-11D3-BF4B-00C04F79EFBC}") = "DA", "DA\DA.csproj", "{98041719-8A09-46FD-8798-15F6FCCAA04B}"
EndProject
Project("{FAE04EC0-301F-11D3-BF4B-00C04F79EFBC}") = "FormWorks", "FormWorks\FormWorks.csproj", "{1DC2A515-28F6-4E17-859D-996BEEB72B84}"
EndProject
Global
	GlobalSection(SolutionConfigurationPlatforms) = preSolution
		Debug|Any CPU = Debug|Any CPU
		Release|Any CPU = Release|Any CPU
	EndGlobalSection
	GlobalSection(ProjectConfigurationPlatforms) = postSolution
		{2019B7E6-D9E0-4307-A5FB-F210842EE7D9}.Debug|Any CPU.ActiveCfg = Debug|Any CPU
		{2019B7E6-D9E0-4307-A5FB-F210842EE7D9}.Debug|Any CPU.Build.0 = Debug|Any CPU
		{2019B7E6-D9E0-4307-A5FB-F210842EE7D9}.Release|Any CPU.ActiveCfg = Release|Any CPU
		{2019B7E6-D9E0-4307-A5FB-F210842EE7D9}.Release|Any CPU.Build.0 = Release|Any CPU
		{98041719-8A09-46FD-8798-15F6FCCAA04B}.Debug|Any CPU.ActiveCfg = Debug|Any CPU
		{98041719-8A09-46FD-8798-15F6FCCAA04B}.Debug|Any CPU.Build.0 = Debug|Any CPU
		{98041719-8A09-46FD-8798-15F6FCCAA04B}.Release|Any CPU.ActiveCfg = Release|Any CPU
		{98041719-8A09-46FD-8798-15F6FCCAA04B}.Release|Any CPU.Build.0 = Release|Any CPU
		{1DC2A515-28F6-4E17-859D-996BEEB72B84}.Debug|Any CPU.ActiveCfg = Debug|Any CPU
		{1DC2A515-28F6-4E17-859D-996BEEB72B84}.Debug|Any CPU.Build.0 = Debug|Any CPU
		{1DC2A515-28F6-4E17-859D-996BEEB72B84}.Release|Any CPU.ActiveCfg = Release|Any CPU
		{1DC2A515-28F6-4E17-859D-996BEEB72B84}.Release|Any CPU.Build.0 = Release|Any CPU
	EndGlobalSection
	GlobalSection(SolutionProperties) = preSolution
		HideSolutionNode = FALSE
	EndGlobalSection
EndGlobal
